<?xml version="1.0" encoding="utf-8"?>
<Project ToolsVersion="4.0" xmlns="http://schemas.microsoft.com/developer/msbuild/2003">
  <ItemGroup>
    <ClCompile Include="dllmain.cpp" />
  </ItemGroup>
  <ItemGroup>
    <ClInclude Include="address.h" />
    <ClInclude Include="pointer.h" />
    <ClInclude Include="hook.h" />
    <ClInclude Include="structure.h" />
  </ItemGroup>
  <ItemGroup>
    <None Include="cfg\pkodev.mod.tablelimit.cfg" />
  </ItemGroup>
</Project>